
Microsoft Visual Studio Solution File, Format Version 12.00
# Visual Studio Version 16
VisualStudioVersion = 16.0.31702.278
MinimumVisualStudioVersion = 10.0.40219.1
Project("{FAE04EC0-301F-11D3-BF4B-00C04F79EFBC}") = "WeightTracker", "WeightTracker\WeightTracker.csproj", "{145BC73D-6709-41D9-A116-11D097671FB5}"
EndProject
Global
	GlobalSection(SolutionConfigurationPlatforms) = preSolution
		Debug|Any CPU = Debug|Any CPU
		Release|Any CPU = Release|Any CPU
	EndGlobalSection
	GlobalSection(ProjectConfigurationPlatforms) = postSolution
		{145BC73D-6709-41D9-A116-11D097671FB5}.Debug|Any CPU.ActiveCfg = Debug|Any CPU
		{145BC73D-6709-41D9-A116-11D097671FB5}.Debug|Any CPU.Build.0 = Debug|Any CPU
		{145BC73D-6709-41D9-A116-11D097671FB5}.Release|Any CPU.ActiveCfg = Release|Any CPU
		{145BC73D-6709-41D9-A116-11D097671FB5}.Release|Any CPU.Build.0 = Release|Any CPU
	EndGlobalSection
	GlobalSection(SolutionProperties) = preSolution
		HideSolutionNode = FALSE
	EndGlobalSection
	GlobalSection(ExtensibilityGlobals) = postSolution
		SolutionGuid = {09C69ABE-AD57-444A-B6AB-E2918E7CDA9D}
	EndGlobalSection
EndGlobal
